{
    "_readme": [
        "This file locks the dependencies of your project to a known state",
        "Read more about it at https://getcomposer.org/doc/01-basic-usage.md#installing-dependencies",
        "This file is @generated automatically"
    ],
    "content-hash": "191bb169632ad825e425f7643c1cbc99",
    "packages": [],
    "packages-dev": [],
    "aliases": [],
    "minimum-stability": "dev",
    "stability-flags": {},
    "prefer-stable": false,
    "prefer-lowest": false,
    "platform": {
        "php": ">=8.3.0",
        "ext-zip": "*",
        "ext-json": "*",
        "ext-mbstring": "*"
    },
    "platform-dev": {},
    "plugin-api-version": "2.9.0"
}
